// !$*UTF8*$!
{
	archiveVersion = 1;
	classes = {
	};
	objectVersion = 55;
	objects = {

/* Begin PBXBuildFile section */
		5E58A6FD27ECD00000376E1E /* FavoriteButton.swift in Sources */ = {isa = PBXBuildFile; fileRef = 5E58A6FC27ECD00000376E1E /* FavoriteButton.swift */; };
		5E58A70327ECD57E00376E1E /* HexagonParameters.swift in Sources */ = {isa = PBXBuildFile; fileRef = 5E58A70227ECD57D00376E1E /* HexagonParameters.swift */; };
		5E58A70527ECD5D300376E1E /* BadgeBackground.swift in Sources */ = {isa = PBXBuildFile; fileRef = 5E58A70427ECD5D300376E1E /* BadgeBackground.swift */; };
		5E58A70727ECD6A300376E1E /* BadgeSymbol.swift in Sources */ = {isa = PBXBuildFile; fileRef = 5E58A70627ECD6A300376E1E /* BadgeSymbol.swift */; };
		5E58A70927ECD6FE00376E1E /* RotatedBadgeSymbol.swift in Sources */ = {isa = PBXBuildFile; fileRef = 5E58A70827ECD6FE00376E1E /* RotatedBadgeSymbol.swift */; };
		5E58A70B27ECD78700376E1E /* Badge.swift in Sources */ = {isa = PBXBuildFile; fileRef = 5E58A70A27ECD78700376E1E /* Badge.swift */; };
		5E7909BB27EB0B14000C6996 /* LandmarksApp.swift in Sources */ = {isa = PBXBuildFile; fileRef = 5E7909BA27EB0B14000C6996 /* LandmarksApp.swift */; };
		5E7909BD27EB0B14000C6996 /* ContentView.swift in Sources */ = {isa = PBXBuildFile; fileRef = 5E7909BC27EB0B14000C6996 /* ContentView.swift */; };
		5E7909BF27EB0B16000C6996 /* Assets.xcassets in Resources */ = {isa = PBXBuildFile; fileRef = 5E7909BE27EB0B16000C6996 /* Assets.xcassets */; };
		5E7909C227EB0B16000C6996 /* Preview Assets.xcassets in Resources */ = {isa = PBXBuildFile; fileRef = 5E7909C127EB0B16000C6996 /* Preview Assets.xcassets */; };
		5E7909C927EB1315000C6996 /* CircleImage.swift in Sources */ = {isa = PBXBuildFile; fileRef = 5E7909C827EB1315000C6996 /* CircleImage.swift */; };
		5E7909CB27EB1402000C6996 /* MapView.swift in Sources */ = {isa = PBXBuildFile; fileRef = 5E7909CA27EB1402000C6996 /* MapView.swift */; };
		5E7909CD27EB1EBD000C6996 /* landmarkData.json in Resources */ = {isa = PBXBuildFile; fileRef = 5E7909CC27EB1EBD000C6996 /* landmarkData.json */; };
		5E7909CF27EB1EE4000C6996 /* Landmark.swift in Sources */ = {isa = PBXBuildFile; fileRef = 5E7909CE27EB1EE4000C6996 /* Landmark.swift */; };
		5E7909D127EB1F7E000C6996 /* ModelData.swift in Sources */ = {isa = PBXBuildFile; fileRef = 5E7909D027EB1F7E000C6996 /* ModelData.swift */; };
		5E7909D627EB2034000C6996 /* LandmarkRow.swift in Sources */ = {isa = PBXBuildFile; fileRef = 5E7909D527EB2034000C6996 /* LandmarkRow.swift */; };
		5E7909D927EB2196000C6996 /* LandmarkList.swift in Sources */ = {isa = PBXBuildFile; fileRef = 5E7909D827EB2196000C6996 /* LandmarkList.swift */; };
		5E7909DB27EB23C4000C6996 /* LandmarkDetail.swift in Sources */ = {isa = PBXBuildFile; fileRef = 5E7909DA27EB23C4000C6996 /* LandmarkDetail.swift */; };
		5E8864C327ED9C6600782070 /* hikeData.json in Resources */ = {isa = PBXBuildFile; fileRef = 5E8864C227ED9C6600782070 /* hikeData.json */; };
		5E8864C527ED9C8200782070 /* Hike.swift in Sources */ = {isa = PBXBuildFile; fileRef = 5E8864C427ED9C8200782070 /* Hike.swift */; };
		5E8864CB27ED9CE000782070 /* GraphCapsule.swift in Sources */ = {isa = PBXBuildFile; fileRef = 5E8864C727ED9CE000782070 /* GraphCapsule.swift */; };
		5E8864CC27ED9CE000782070 /* HikeGraph.swift in Sources */ = {isa = PBXBuildFile; fileRef = 5E8864C827ED9CE000782070 /* HikeGraph.swift */; };
		5E8864CD27ED9CE000782070 /* HikeDetail.swift in Sources */ = {isa = PBXBuildFile; fileRef = 5E8864C927ED9CE000782070 /* HikeDetail.swift */; };
		5E8864CE27ED9CE000782070 /* HikeView.swift in Sources */ = {isa = PBXBuildFile; fileRef = 5E8864CA27ED9CE000782070 /* HikeView.swift */; };
		5E8864D127EDA06900782070 /* CategoryHome.swift in Sources */ = {isa = PBXBuildFile; fileRef = 5E8864D027EDA06900782070 /* CategoryHome.swift */; };
		5E8864D327EDA15F00782070 /* CategoryRow.swift in Sources */ = {isa = PBXBuildFile; fileRef = 5E8864D227EDA15F00782070 /* CategoryRow.swift */; };
		5E8864D527EDA1CA00782070 /* CategoryItem.swift in Sources */ = {isa = PBXBuildFile; fileRef = 5E8864D427EDA1CA00782070 /* CategoryItem.swift */; };
		5ECB026E27F30F7D0032CD92 /* Profile.swift in Sources */ = {isa = PBXBuildFile; fileRef = 5ECB026D27F30F7D0032CD92 /* Profile.swift */; };
		5ECB027127F30FB50032CD92 /* ProfileHost.swift in Sources */ = {isa = PBXBuildFile; fileRef = 5ECB027027F30FB50032CD92 /* ProfileHost.swift */; };
		5ECB027327F3100D0032CD92 /* ProfileSummary.swift in Sources */ = {isa = PBXBuildFile; fileRef = 5ECB027227F3100D0032CD92 /* ProfileSummary.swift */; };
		5ECB027527F310440032CD92 /* HikeBadge.swift in Sources */ = {isa = PBXBuildFile; fileRef = 5ECB027427F310440032CD92 /* HikeBadge.swift */; };
		5ECB027727F311D50032CD92 /* ProfileEditor.swift in Sources */ = {isa = PBXBuildFile; fileRef = 5ECB027627F311D50032CD92 /* ProfileEditor.swift */; };
		5ECB02A127F4A74E0032CD92 /* PageViewController.swift in Sources */ = {isa = PBXBuildFile; fileRef = 5ECB02A027F4A74E0032CD92 /* PageViewController.swift */; };
		5ECB02A327F4A8590032CD92 /* FeatureCard.swift in Sources */ = {isa = PBXBuildFile; fileRef = 5ECB02A227F4A8590032CD92 /* FeatureCard.swift */; };
		5ECB02A527F4A8C50032CD92 /* PageView.swift in Sources */ = {isa = PBXBuildFile; fileRef = 5ECB02A427F4A8C50032CD92 /* PageView.swift */; };
		5ECB02A727F4ACF00032CD92 /* PageControl.swift in Sources */ = {isa = PBXBuildFile; fileRef = 5ECB02A627F4ACF00032CD92 /* PageControl.swift */; };
		5ECB02AE27F4B12D0032CD92 /* WatchLandmarks WatchKit App.app in Embed Watch Content */ = {isa = PBXBuildFile; fileRef = 5ECB02AD27F4B12D0032CD92 /* WatchLandmarks WatchKit App.app */; settings = {ATTRIBUTES = (RemoveHeadersOnCopy, ); }; };
		5ECB02B327F4B12F0032CD92 /* Assets.xcassets in Resources */ = {isa = PBXBuildFile; fileRef = 5ECB02B227F4B12F0032CD92 /* Assets.xcassets */; };
		5ECB02B927F4B12F0032CD92 /* WatchLandmarks WatchKit Extension.appex in Embed App Extensions */ = {isa = PBXBuildFile; fileRef = 5ECB02B827F4B12F0032CD92 /* WatchLandmarks WatchKit Extension.appex */; settings = {ATTRIBUTES = (RemoveHeadersOnCopy, ); }; };
		5ECB02C027F4B12F0032CD92 /* ContentView.swift in Sources */ = {isa = PBXBuildFile; fileRef = 5ECB02BF27F4B12F0032CD92 /* ContentView.swift */; };
		5ECB02C227F4B12F0032CD92 /* NotificationController.swift in Sources */ = {isa = PBXBuildFile; fileRef = 5ECB02C127F4B12F0032CD92 /* NotificationController.swift */; };
		5ECB02C427F4B12F0032CD92 /* NotificationView.swift in Sources */ = {isa = PBXBuildFile; fileRef = 5ECB02C327F4B12F0032CD92 /* NotificationView.swift */; };
		5ECB02C627F4B12F0032CD92 /* ComplicationController.swift in Sources */ = {isa = PBXBuildFile; fileRef = 5ECB02C527F4B12F0032CD92 /* ComplicationController.swift */; };
		5ECB02C827F4B1310032CD92 /* Assets.xcassets in Resources */ = {isa = PBXBuildFile; fileRef = 5ECB02C727F4B1310032CD92 /* Assets.xcassets */; };
		5ECB02CB27F4B1310032CD92 /* Preview Assets.xcassets in Resources */ = {isa = PBXBuildFile; fileRef = 5ECB02CA27F4B1310032CD92 /* Preview Assets.xcassets */; };
		5ECB02D927F4B21D0032CD92 /* CircleImage.swift in Sources */ = {isa = PBXBuildFile; fileRef = 5E7909C827EB1315000C6996 /* CircleImage.swift */; };
		5ECB02DA27F4B21D0032CD92 /* LandmarkRow.swift in Sources */ = {isa = PBXBuildFile; fileRef = 5E7909D527EB2034000C6996 /* LandmarkRow.swift */; };
		5ECB02DB27F4B21D0032CD92 /* MapView.swift in Sources */ = {isa = PBXBuildFile; fileRef = 5E7909CA27EB1402000C6996 /* MapView.swift */; };
		5ECB02DC27F4B21D0032CD92 /* LandmarksApp.swift in Sources */ = {isa = PBXBuildFile; fileRef = 5E7909BA27EB0B14000C6996 /* LandmarksApp.swift */; };
		5ECB02DD27F4B21D0032CD92 /* LandmarkList.swift in Sources */ = {isa = PBXBuildFile; fileRef = 5E7909D827EB2196000C6996 /* LandmarkList.swift */; };
		5ECB02DE27F4B2BE0032CD92 /* Profile.swift in Sources */ = {isa = PBXBuildFile; fileRef = 5ECB026D27F30F7D0032CD92 /* Profile.swift */; };
		5ECB02DF27F4B2BE0032CD92 /* Landmark.swift in Sources */ = {isa = PBXBuildFile; fileRef = 5E7909CE27EB1EE4000C6996 /* Landmark.swift */; };
		5ECB02E027F4B2BE0032CD92 /* ModelData.swift in Sources */ = {isa = PBXBuildFile; fileRef = 5E7909D027EB1F7E000C6996 /* ModelData.swift */; };
		5ECB02E127F4B2BE0032CD92 /* Hike.swift in Sources */ = {isa = PBXBuildFile; fileRef = 5E8864C427ED9C8200782070 /* Hike.swift */; };
		5ECB02E227F4B2CD0032CD92 /* landmarkData.json in Resources */ = {isa = PBXBuildFile; fileRef = 5E7909CC27EB1EBD000C6996 /* landmarkData.json */; };
		5ECB02E327F4B2CD0032CD92 /* hikeData.json in Resources */ = {isa = PBXBuildFile; fileRef = 5E8864C227ED9C6600782070 /* hikeData.json */; };
		5ECB02E427F4B2CD0032CD92 /* Assets.xcassets in Resources */ = {isa = PBXBuildFile; fileRef = 5E7909BE27EB0B16000C6996 /* Assets.xcassets */; };
		5ECB02E627F4B3180032CD92 /* LandmarkDetail.swift in Sources */ = {isa = PBXBuildFile; fileRef = 5ECB02E527F4B3180032CD92 /* LandmarkDetail.swift */; };
/* End PBXBuildFile section */

/* Begin PBXContainerItemProxy section */
		5ECB02AF27F4B12D0032CD92 /* PBXContainerItemProxy */ = {
			isa = PBXContainerItemProxy;
			containerPortal = 5E7909AF27EB0B14000C6996 /* Project object */;
			proxyType = 1;
			remoteGlobalIDString = 5ECB02AC27F4B12C0032CD92;
			remoteInfo = "WatchLandmarks WatchKit App";
		};
		5ECB02BA27F4B12F0032CD92 /* PBXContainerItemProxy */ = {
			isa = PBXContainerItemProxy;
			containerPortal = 5E7909AF27EB0B14000C6996 /* Project object */;
			proxyType = 1;
			remoteGlobalIDString = 5ECB02B727F4B12F0032CD92;
			remoteInfo = "WatchLandmarks WatchKit Extension";
		};
/* End PBXContainerItemProxy section */

/* Begin PBXCopyFilesBuildPhase section */
		5ECB02D127F4B1310032CD92 /* Embed App Extensions */ = {
			isa = PBXCopyFilesBuildPhase;
			buildActionMask = 2147483647;
			dstPath = "";
			dstSubfolderSpec = 13;
			files = (
				5ECB02B927F4B12F0032CD92 /* WatchLandmarks WatchKit Extension.appex in Embed App Extensions */,
			);
			name = "Embed App Extensions";
			runOnlyForDeploymentPostprocessing = 0;
		};
		5ECB02D527F4B1310032CD92 /* Embed Watch Content */ = {
			isa = PBXCopyFilesBuildPhase;
			buildActionMask = 2147483647;
			dstPath = "$(CONTENTS_FOLDER_PATH)/Watch";
			dstSubfolderSpec = 16;
			files = (
				5ECB02AE27F4B12D0032CD92 /* WatchLandmarks WatchKit App.app in Embed Watch Content */,
			);
			name = "Embed Watch Content";
			runOnlyForDeploymentPostprocessing = 0;
		};
/* End PBXCopyFilesBuildPhase section */

/* Begin PBXFileReference section */
		5E58A6FC27ECD00000376E1E /* FavoriteButton.swift */ = {isa = PBXFileReference; lastKnownFileType = sourcecode.swift; path = FavoriteButton.swift; sourceTree = "<group>"; };
		5E58A70227ECD57D00376E1E /* HexagonParameters.swift */ = {isa = PBXFileReference; lastKnownFileType = sourcecode.swift; path = HexagonParameters.swift; sourceTree = "<group>"; };
		5E58A70427ECD5D300376E1E /* BadgeBackground.swift */ = {isa = PBXFileReference; lastKnownFileType = sourcecode.swift; path = BadgeBackground.swift; sourceTree = "<group>"; };
		5E58A70627ECD6A300376E1E /* BadgeSymbol.swift */ = {isa = PBXFileReference; lastKnownFileType = sourcecode.swift; path = BadgeSymbol.swift; sourceTree = "<group>"; };
		5E58A70827ECD6FE00376E1E /* RotatedBadgeSymbol.swift */ = {isa = PBXFileReference; lastKnownFileType = sourcecode.swift; path = RotatedBadgeSymbol.swift; sourceTree = "<group>"; };
		5E58A70A27ECD78700376E1E /* Badge.swift */ = {isa = PBXFileReference; lastKnownFileType = sourcecode.swift; path = Badge.swift; sourceTree = "<group>"; };
		5E7909B727EB0B14000C6996 /* Landmarks.app */ = {isa = PBXFileReference; explicitFileType = wrapper.application; includeInIndex = 0; path = Landmarks.app; sourceTree = BUILT_PRODUCTS_DIR; };
		5E7909BA27EB0B14000C6996 /* LandmarksApp.swift */ = {isa = PBXFileReference; lastKnownFileType = sourcecode.swift; path = LandmarksApp.swift; sourceTree = "<group>"; };
		5E7909BC27EB0B14000C6996 /* ContentView.swift */ = {isa = PBXFileReference; lastKnownFileType = sourcecode.swift; path = ContentView.swift; sourceTree = "<group>"; };
		5E7909BE27EB0B16000C6996 /* Assets.xcassets */ = {isa = PBXFileReference; lastKnownFileType = folder.assetcatalog; path = Assets.xcassets; sourceTree = "<group>"; };
		5E7909C127EB0B16000C6996 /* Preview Assets.xcassets */ = {isa = PBXFileReference; lastKnownFileType = folder.assetcatalog; path = "Preview Assets.xcassets"; sourceTree = "<group>"; };
		5E7909C827EB1315000C6996 /* CircleImage.swift */ = {isa = PBXFileReference; lastKnownFileType = sourcecode.swift; path = CircleImage.swift; sourceTree = "<group>"; };
		5E7909CA27EB1402000C6996 /* MapView.swift */ = {isa = PBXFileReference; lastKnownFileType = sourcecode.swift; path = MapView.swift; sourceTree = "<group>"; };
		5E7909CC27EB1EBD000C6996 /* landmarkData.json */ = {isa = PBXFileReference; fileEncoding = 4; lastKnownFileType = text.json; path = landmarkData.json; sourceTree = "<group>"; };
		5E7909CE27EB1EE4000C6996 /* Landmark.swift */ = {isa = PBXFileReference; lastKnownFileType = sourcecode.swift; path = Landmark.swift; sourceTree = "<group>"; };
		5E7909D027EB1F7E000C6996 /* ModelData.swift */ = {isa = PBXFileReference; lastKnownFileType = sourcecode.swift; path = ModelData.swift; sourceTree = "<group>"; };
		5E7909D527EB2034000C6996 /* LandmarkRow.swift */ = {isa = PBXFileReference; lastKnownFileType = sourcecode.swift; path = LandmarkRow.swift; sourceTree = "<group>"; };
		5E7909D827EB2196000C6996 /* LandmarkList.swift */ = {isa = PBXFileReference; lastKnownFileType = sourcecode.swift; path = LandmarkList.swift; sourceTree = "<group>"; };
		5E7909DA27EB23C4000C6996 /* LandmarkDetail.swift */ = {isa = PBXFileReference; lastKnownFileType = sourcecode.swift; path = LandmarkDetail.swift; sourceTree = "<group>"; };
		5E8864C227ED9C6600782070 /* hikeData.json */ = {isa = PBXFileReference; fileEncoding = 4; lastKnownFileType = text.json; path = hikeData.json; sourceTree = "<group>"; };
		5E8864C427ED9C8200782070 /* Hike.swift */ = {isa = PBXFileReference; lastKnownFileType = sourcecode.swift; path = Hike.swift; sourceTree = "<group>"; };
		5E8864C727ED9CE000782070 /* GraphCapsule.swift */ = {isa = PBXFileReference; fileEncoding = 4; lastKnownFileType = sourcecode.swift; path = GraphCapsule.swift; sourceTree = "<group>"; };
		5E8864C827ED9CE000782070 /* HikeGraph.swift */ = {isa = PBXFileReference; fileEncoding = 4; lastKnownFileType = sourcecode.swift; path = HikeGraph.swift; sourceTree = "<group>"; };
		5E8864C927ED9CE000782070 /* HikeDetail.swift */ = {isa = PBXFileReference; fileEncoding = 4; lastKnownFileType = sourcecode.swift; path = HikeDetail.swift; sourceTree = "<group>"; };
		5E8864CA27ED9CE000782070 /* HikeView.swift */ = {isa = PBXFileReference; fileEncoding = 4; lastKnownFileType = sourcecode.swift; path = HikeView.swift; sourceTree = "<group>"; };
		5E8864D027EDA06900782070 /* CategoryHome.swift */ = {isa = PBXFileReference; lastKnownFileType = sourcecode.swift; path = CategoryHome.swift; sourceTree = "<group>"; };
		5E8864D227EDA15F00782070 /* CategoryRow.swift */ = {isa = PBXFileReference; lastKnownFileType = sourcecode.swift; path = CategoryRow.swift; sourceTree = "<group>"; };
		5E8864D427EDA1CA00782070 /* CategoryItem.swift */ = {isa = PBXFileReference; lastKnownFileType = sourcecode.swift; path = CategoryItem.swift; sourceTree = "<group>"; };
		5ECB026D27F30F7D0032CD92 /* Profile.swift */ = {isa = PBXFileReference; lastKnownFileType = sourcecode.swift; path = Profile.swift; sourceTree = "<group>"; };
		5ECB027027F30FB50032CD92 /* ProfileHost.swift */ = {isa = PBXFileReference; lastKnownFileType = sourcecode.swift; path = ProfileHost.swift; sourceTree = "<group>"; };
		5ECB027227F3100D0032CD92 /* ProfileSummary.swift */ = {isa = PBXFileReference; lastKnownFileType = sourcecode.swift; path = ProfileSummary.swift; sourceTree = "<group>"; };
		5ECB027427F310440032CD92 /* HikeBadge.swift */ = {isa = PBXFileReference; lastKnownFileType = sourcecode.swift; path = HikeBadge.swift; sourceTree = "<group>"; };
		5ECB027627F311D50032CD92 /* ProfileEditor.swift */ = {isa = PBXFileReference; lastKnownFileType = sourcecode.swift; path = ProfileEditor.swift; sourceTree = "<group>"; };
		5ECB02A027F4A74E0032CD92 /* PageViewController.swift */ = {isa = PBXFileReference; lastKnownFileType = sourcecode.swift; path = PageViewController.swift; sourceTree = "<group>"; };
		5ECB02A227F4A8590032CD92 /* FeatureCard.swift */ = {isa = PBXFileReference; lastKnownFileType = sourcecode.swift; path = FeatureCard.swift; sourceTree = "<group>"; };
		5ECB02A427F4A8C50032CD92 /* PageView.swift */ = {isa = PBXFileReference; lastKnownFileType = sourcecode.swift; path = PageView.swift; sourceTree = "<group>"; };
		5ECB02A627F4ACF00032CD92 /* PageControl.swift */ = {isa = PBXFileReference; lastKnownFileType = sourcecode.swift; path = PageControl.swift; sourceTree = "<group>"; };
		5ECB02AA27F4B12C0032CD92 /* WatchLandmarks.app */ = {isa = PBXFileReference; explicitFileType = wrapper.application; includeInIndex = 0; path = WatchLandmarks.app; sourceTree = BUILT_PRODUCTS_DIR; };
		5ECB02AD27F4B12D0032CD92 /* WatchLandmarks WatchKit App.app */ = {isa = PBXFileReference; explicitFileType = wrapper.application; includeInIndex = 0; path = "WatchLandmarks WatchKit App.app"; sourceTree = BUILT_PRODUCTS_DIR; };
		5ECB02B227F4B12F0032CD92 /* Assets.xcassets */ = {isa = PBXFileReference; lastKnownFileType = folder.assetcatalog; path = Assets.xcassets; sourceTree = "<group>"; };
		5ECB02B827F4B12F0032CD92 /* WatchLandmarks WatchKit Extension.appex */ = {isa = PBXFileReference; explicitFileType = "wrapper.app-extension"; includeInIndex = 0; path = "WatchLandmarks WatchKit Extension.appex"; sourceTree = BUILT_PRODUCTS_DIR; };
		5ECB02BF27F4B12F0032CD92 /* ContentView.swift */ = {isa = PBXFileReference; lastKnownFileType = sourcecode.swift; path = ContentView.swift; sourceTree = "<group>"; };
		5ECB02C127F4B12F0032CD92 /* NotificationController.swift */ = {isa = PBXFileReference; lastKnownFileType = sourcecode.swift; path = NotificationController.swift; sourceTree = "<group>"; };
		5ECB02C327F4B12F0032CD92 /* NotificationView.swift */ = {isa = PBXFileReference; lastKnownFileType = sourcecode.swift; path = NotificationView.swift; sourceTree = "<group>"; };
		5ECB02C527F4B12F0032CD92 /* ComplicationController.swift */ = {isa = PBXFileReference; lastKnownFileType = sourcecode.swift; path = ComplicationController.swift; sourceTree = "<group>"; };
		5ECB02C727F4B1310032CD92 /* Assets.xcassets */ = {isa = PBXFileReference; lastKnownFileType = folder.assetcatalog; path = Assets.xcassets; sourceTree = "<group>"; };
		5ECB02CA27F4B1310032CD92 /* Preview Assets.xcassets */ = {isa = PBXFileReference; lastKnownFileType = folder.assetcatalog; path = "Preview Assets.xcassets"; sourceTree = "<group>"; };
		5ECB02CC27F4B1310032CD92 /* Info.plist */ = {isa = PBXFileReference; lastKnownFileType = text.plist.xml; path = Info.plist; sourceTree = "<group>"; };
		5ECB02CD27F4B1310032CD92 /* PushNotificationPayload.apns */ = {isa = PBXFileReference; lastKnownFileType = text; path = PushNotificationPayload.apns; sourceTree = "<group>"; };
		5ECB02E527F4B3180032CD92 /* LandmarkDetail.swift */ = {isa = PBXFileReference; lastKnownFileType = sourcecode.swift; path = LandmarkDetail.swift; sourceTree = "<group>"; };
/* End PBXFileReference section */

/* Begin PBXFrameworksBuildPhase section */
		5E7909B427EB0B14000C6996 /* Frameworks */ = {
			isa = PBXFrameworksBuildPhase;
			buildActionMask = 2147483647;
			files = (
			);
			runOnlyForDeploymentPostprocessing = 0;
		};
		5ECB02B527F4B12F0032CD92 /* Frameworks */ = {
			isa = PBXFrameworksBuildPhase;
			buildActionMask = 2147483647;
			files = (
			);
			runOnlyForDeploymentPostprocessing = 0;
		};
/* End PBXFrameworksBuildPhase section */

/* Begin PBXGroup section */
		5E58A6FE27ECD15A00376E1E /* Landmarks */ = {
			isa = PBXGroup;
			children = (
				5E7909D827EB2196000C6996 /* LandmarkList.swift */,
				5E7909DA27EB23C4000C6996 /* LandmarkDetail.swift */,
				5E7909D527EB2034000C6996 /* LandmarkRow.swift */,
			);
			path = Landmarks;
			sourceTree = "<group>";
		};
		5E58A6FF27ECD16700376E1E /* Helpers */ = {
			isa = PBXGroup;
			children = (
				5E7909CA27EB1402000C6996 /* MapView.swift */,
				5E58A6FC27ECD00000376E1E /* FavoriteButton.swift */,
				5E7909C827EB1315000C6996 /* CircleImage.swift */,
			);
			path = Helpers;
			sourceTree = "<group>";
		};
		5E58A70C27ECD7AA00376E1E /* BadgesGroup */ = {
			isa = PBXGroup;
			children = (
				5E58A70627ECD6A300376E1E /* BadgeSymbol.swift */,
				5E58A70A27ECD78700376E1E /* Badge.swift */,
				5E58A70827ECD6FE00376E1E /* RotatedBadgeSymbol.swift */,
				5E58A70427ECD5D300376E1E /* BadgeBackground.swift */,
			);
			path = BadgesGroup;
			sourceTree = "<group>";
		};
		5E7909AE27EB0B14000C6996 = {
			isa = PBXGroup;
			children = (
				5E7909B927EB0B14000C6996 /* Landmarks */,
				5ECB02B127F4B12D0032CD92 /* WatchLandmarks WatchKit App */,
				5ECB02BC27F4B12F0032CD92 /* WatchLandmarks WatchKit Extension */,
				5E7909B827EB0B14000C6996 /* Products */,
			);
			sourceTree = "<group>";
		};
		5E7909B827EB0B14000C6996 /* Products */ = {
			isa = PBXGroup;
			children = (
				5E7909B727EB0B14000C6996 /* Landmarks.app */,
				5ECB02AA27F4B12C0032CD92 /* WatchLandmarks.app */,
				5ECB02AD27F4B12D0032CD92 /* WatchLandmarks WatchKit App.app */,
				5ECB02B827F4B12F0032CD92 /* WatchLandmarks WatchKit Extension.appex */,
			);
			name = Products;
			sourceTree = "<group>";
		};
		5E7909B927EB0B14000C6996 /* Landmarks */ = {
			isa = PBXGroup;
			children = (
				5E8864C627ED9CE000782070 /* Hikes */,
				5E7909D427EB1FF0000C6996 /* Resources */,
				5E7909D327EB1FD9000C6996 /* Models */,
				5E7909D227EB1FCB000C6996 /* Views */,
				5E7909BA27EB0B14000C6996 /* LandmarksApp.swift */,
				5E7909BE27EB0B16000C6996 /* Assets.xcassets */,
				5E7909C027EB0B16000C6996 /* Preview Content */,
				5E58A70227ECD57D00376E1E /* HexagonParameters.swift */,
			);
			path = Landmarks;
			sourceTree = "<group>";
		};
		5E7909C027EB0B16000C6996 /* Preview Content */ = {
			isa = PBXGroup;
			children = (
				5E7909C127EB0B16000C6996 /* Preview Assets.xcassets */,
			);
			path = "Preview Content";
			sourceTree = "<group>";
		};
		5E7909D227EB1FCB000C6996 /* Views */ = {
			isa = PBXGroup;
			children = (
				5ECB029F27F4A4FF0032CD92 /* PageView */,
				5ECB026F27F30F9A0032CD92 /* Profiles */,
				5E8864CF27EDA04F00782070 /* Categories */,
				5E58A70C27ECD7AA00376E1E /* BadgesGroup */,
				5E58A6FF27ECD16700376E1E /* Helpers */,
				5E58A6FE27ECD15A00376E1E /* Landmarks */,
				5E7909BC27EB0B14000C6996 /* ContentView.swift */,
			);
			path = Views;
			sourceTree = "<group>";
		};
		5E7909D327EB1FD9000C6996 /* Models */ = {
			isa = PBXGroup;
			children = (
				5E7909CE27EB1EE4000C6996 /* Landmark.swift */,
				5E7909D027EB1F7E000C6996 /* ModelData.swift */,
				5E8864C427ED9C8200782070 /* Hike.swift */,
				5ECB026D27F30F7D0032CD92 /* Profile.swift */,
			);
			path = Models;
			sourceTree = "<group>";
		};
		5E7909D427EB1FF0000C6996 /* Resources */ = {
			isa = PBXGroup;
			children = (
				5E8864C227ED9C6600782070 /* hikeData.json */,
				5E7909CC27EB1EBD000C6996 /* landmarkData.json */,
			);
			path = Resources;
			sourceTree = "<group>";
		};
		5E8864C627ED9CE000782070 /* Hikes */ = {
			isa = PBXGroup;
			children = (
				5E8864C727ED9CE000782070 /* GraphCapsule.swift */,
				5E8864C827ED9CE000782070 /* HikeGraph.swift */,
				5E8864C927ED9CE000782070 /* HikeDetail.swift */,
				5E8864CA27ED9CE000782070 /* HikeView.swift */,
				5ECB027427F310440032CD92 /* HikeBadge.swift */,
			);
			path = Hikes;
			sourceTree = "<group>";
		};
		5E8864CF27EDA04F00782070 /* Categories */ = {
			isa = PBXGroup;
			children = (
				5E8864D027EDA06900782070 /* CategoryHome.swift */,
				5E8864D227EDA15F00782070 /* CategoryRow.swift */,
				5E8864D427EDA1CA00782070 /* CategoryItem.swift */,
			);
			path = Categories;
			sourceTree = "<group>";
		};
		5ECB026F27F30F9A0032CD92 /* Profiles */ = {
			isa = PBXGroup;
			children = (
				5ECB027027F30FB50032CD92 /* ProfileHost.swift */,
				5ECB027227F3100D0032CD92 /* ProfileSummary.swift */,
				5ECB027627F311D50032CD92 /* ProfileEditor.swift */,
			);
			path = Profiles;
			sourceTree = "<group>";
		};
		5ECB029F27F4A4FF0032CD92 /* PageView */ = {
			isa = PBXGroup;
			children = (
				5ECB02A027F4A74E0032CD92 /* PageViewController.swift */,
				5ECB02A227F4A8590032CD92 /* FeatureCard.swift */,
				5ECB02A427F4A8C50032CD92 /* PageView.swift */,
				5ECB02A627F4ACF00032CD92 /* PageControl.swift */,
			);
			path = PageView;
			sourceTree = "<group>";
		};
		5ECB02B127F4B12D0032CD92 /* WatchLandmarks WatchKit App */ = {
			isa = PBXGroup;
			children = (
				5ECB02B227F4B12F0032CD92 /* Assets.xcassets */,
			);
			path = "WatchLandmarks WatchKit App";
			sourceTree = "<group>";
		};
		5ECB02BC27F4B12F0032CD92 /* WatchLandmarks WatchKit Extension */ = {
			isa = PBXGroup;
			children = (
				5ECB02BF27F4B12F0032CD92 /* ContentView.swift */,
				5ECB02C127F4B12F0032CD92 /* NotificationController.swift */,
				5ECB02C327F4B12F0032CD92 /* NotificationView.swift */,
				5ECB02C527F4B12F0032CD92 /* ComplicationController.swift */,
				5ECB02C727F4B1310032CD92 /* Assets.xcassets */,
				5ECB02CC27F4B1310032CD92 /* Info.plist */,
				5ECB02CD27F4B1310032CD92 /* PushNotificationPayload.apns */,
				5ECB02C927F4B1310032CD92 /* Preview Content */,
				5ECB02E527F4B3180032CD92 /* LandmarkDetail.swift */,
			);
			path = "WatchLandmarks WatchKit Extension";
			sourceTree = "<group>";
		};
		5ECB02C927F4B1310032CD92 /* Preview Content */ = {
			isa = PBXGroup;
			children = (
				5ECB02CA27F4B1310032CD92 /* Preview Assets.xcassets */,
			);
			path = "Preview Content";
			sourceTree = "<group>";
		};
/* End PBXGroup section */

/* Begin PBXNativeTarget section */
		5E7909B627EB0B14000C6996 /* Landmarks */ = {
			isa = PBXNativeTarget;
			buildConfigurationList = 5E7909C527EB0B16000C6996 /* Build configuration list for PBXNativeTarget "Landmarks" */;
			buildPhases = (
				5E7909B327EB0B14000C6996 /* Sources */,
				5E7909B427EB0B14000C6996 /* Frameworks */,
				5E7909B527EB0B14000C6996 /* Resources */,
			);
			buildRules = (
			);
			dependencies = (
			);
			name = Landmarks;
			productName = Landmarks;
			productReference = 5E7909B727EB0B14000C6996 /* Landmarks.app */;
			productType = "com.apple.product-type.application";
		};
		5ECB02A927F4B12C0032CD92 /* WatchLandmarks */ = {
			isa = PBXNativeTarget;
			buildConfigurationList = 5ECB02D627F4B1310032CD92 /* Build configuration list for PBXNativeTarget "WatchLandmarks" */;
			buildPhases = (
				5ECB02A827F4B12C0032CD92 /* Resources */,
				5ECB02D527F4B1310032CD92 /* Embed Watch Content */,
			);
			buildRules = (
			);
			dependencies = (
				5ECB02B027F4B12D0032CD92 /* PBXTargetDependency */,
			);
			name = WatchLandmarks;
			productName = WatchLandmarks;
			productReference = 5ECB02AA27F4B12C0032CD92 /* WatchLandmarks.app */;
			productType = "com.apple.product-type.application.watchapp2-container";
		};
		5ECB02AC27F4B12C0032CD92 /* WatchLandmarks WatchKit App */ = {
			isa = PBXNativeTarget;
			buildConfigurationList = 5ECB02D227F4B1310032CD92 /* Build configuration list for PBXNativeTarget "WatchLandmarks WatchKit App" */;
			buildPhases = (
				5ECB02AB27F4B12C0032CD92 /* Resources */,
				5ECB02D127F4B1310032CD92 /* Embed App Extensions */,
			);
			buildRules = (
			);
			dependencies = (
				5ECB02BB27F4B12F0032CD92 /* PBXTargetDependency */,
			);
			name = "WatchLandmarks WatchKit App";
			productName = "WatchLandmarks WatchKit App";
			productReference = 5ECB02AD27F4B12D0032CD92 /* WatchLandmarks WatchKit App.app */;
			productType = "com.apple.product-type.application.watchapp2";
		};
		5ECB02B727F4B12F0032CD92 /* WatchLandmarks WatchKit Extension */ = {
			isa = PBXNativeTarget;
			buildConfigurationList = 5ECB02CE27F4B1310032CD92 /* Build configuration list for PBXNativeTarget "WatchLandmarks WatchKit Extension" */;
			buildPhases = (
				5ECB02B427F4B12F0032CD92 /* Sources */,
				5ECB02B527F4B12F0032CD92 /* Frameworks */,
				5ECB02B627F4B12F0032CD92 /* Resources */,
			);
			buildRules = (
			);
			dependencies = (
			);
			name = "WatchLandmarks WatchKit Extension";
			productName = "WatchLandmarks WatchKit Extension";
			productReference = 5ECB02B827F4B12F0032CD92 /* WatchLandmarks WatchKit Extension.appex */;
			productType = "com.apple.product-type.watchkit2-extension";
		};
/* End PBXNativeTarget section */

/* Begin PBXProject section */
		5E7909AF27EB0B14000C6996 /* Project object */ = {
			isa = PBXProject;
			attributes = {
				BuildIndependentTargetsInParallel = 1;
				LastSwiftUpdateCheck = 1330;
				LastUpgradeCheck = 1330;
				TargetAttributes = {
					5E7909B627EB0B14000C6996 = {
						CreatedOnToolsVersion = 13.3;
					};
					5ECB02A927F4B12C0032CD92 = {
						CreatedOnToolsVersion = 13.3;
					};
					5ECB02AC27F4B12C0032CD92 = {
						CreatedOnToolsVersion = 13.3;
					};
					5ECB02B727F4B12F0032CD92 = {
						CreatedOnToolsVersion = 13.3;
					};
				};
			};
			buildConfigurationList = 5E7909B227EB0B14000C6996 /* Build configuration list for PBXProject "Landmarks" */;
			compatibilityVersion = "Xcode 13.0";
			developmentRegion = en;
			hasScannedForEncodings = 0;
			knownRegions = (
				en,
				Base,
			);
			mainGroup = 5E7909AE27EB0B14000C6996;
			productRefGroup = 5E7909B827EB0B14000C6996 /* Products */;
			projectDirPath = "";
			projectRoot = "";
			targets = (
				5E7909B627EB0B14000C6996 /* Landmarks */,
				5ECB02A927F4B12C0032CD92 /* WatchLandmarks */,
				5ECB02AC27F4B12C0032CD92 /* WatchLandmarks WatchKit App */,
				5ECB02B727F4B12F0032CD92 /* WatchLandmarks WatchKit Extension */,
			);
		};
/* End PBXProject section */

/* Begin PBXResourcesBuildPhase section */
		5E7909B527EB0B14000C6996 /* Resources */ = {
			isa = PBXResourcesBuildPhase;
			buildActionMask = 2147483647;
			files = (
				5E8864C327ED9C6600782070 /* hikeData.json in Resources */,
				5E7909C227EB0B16000C6996 /* Preview Assets.xcassets in Resources */,
				5E7909BF27EB0B16000C6996 /* Assets.xcassets in Resources */,
				5E7909CD27EB1EBD000C6996 /* landmarkData.json in Resources */,
			);
			runOnlyForDeploymentPostprocessing = 0;
		};
		5ECB02A827F4B12C0032CD92 /* Resources */ = {
			isa = PBXResourcesBuildPhase;
			buildActionMask = 2147483647;
			files = (
			);
			runOnlyForDeploymentPostprocessing = 0;
		};
		5ECB02AB27F4B12C0032CD92 /* Resources */ = {
			isa = PBXResourcesBuildPhase;
			buildActionMask = 2147483647;
			files = (
				5ECB02B327F4B12F0032CD92 /* Assets.xcassets in Resources */,
			);
			runOnlyForDeploymentPostprocessing = 0;
		};
		5ECB02B627F4B12F0032CD92 /* Resources */ = {
			isa = PBXResourcesBuildPhase;
			buildActionMask = 2147483647;
			files = (
				5ECB02E327F4B2CD0032CD92 /* hikeData.json in Resources */,
				5ECB02CB27F4B1310032CD92 /* Preview Assets.xcassets in Resources */,
				5ECB02C827F4B1310032CD92 /* Assets.xcassets in Resources */,
				5ECB02E227F4B2CD0032CD92 /* landmarkData.json in Resources */,
				5ECB02E427F4B2CD0032CD92 /* Assets.xcassets in Resources */,
			);
			runOnlyForDeploymentPostprocessing = 0;
		};
/* End PBXResourcesBuildPhase section */

/* Begin PBXSourcesBuildPhase section */
		5E7909B327EB0B14000C6996 /* Sources */ = {
			isa = PBXSourcesBuildPhase;
			buildActionMask = 2147483647;
			files = (
				5E8864D327EDA15F00782070 /* CategoryRow.swift in Sources */,
				5ECB026E27F30F7D0032CD92 /* Profile.swift in Sources */,
				5E7909BD27EB0B14000C6996 /* ContentView.swift in Sources */,
				5E8864D127EDA06900782070 /* CategoryHome.swift in Sources */,
				5ECB02A327F4A8590032CD92 /* FeatureCard.swift in Sources */,
				5E8864CC27ED9CE000782070 /* HikeGraph.swift in Sources */,
				5E58A70B27ECD78700376E1E /* Badge.swift in Sources */,
				5E7909CB27EB1402000C6996 /* MapView.swift in Sources */,
				5E8864CB27ED9CE000782070 /* GraphCapsule.swift in Sources */,
				5E7909BB27EB0B14000C6996 /* LandmarksApp.swift in Sources */,
				5ECB02A727F4ACF00032CD92 /* PageControl.swift in Sources */,
				5E58A6FD27ECD00000376E1E /* FavoriteButton.swift in Sources */,
				5E8864D527EDA1CA00782070 /* CategoryItem.swift in Sources */,
				5E8864CD27ED9CE000782070 /* HikeDetail.swift in Sources */,
				5ECB027327F3100D0032CD92 /* ProfileSummary.swift in Sources */,
				5E58A70327ECD57E00376E1E /* HexagonParameters.swift in Sources */,
				5ECB027127F30FB50032CD92 /* ProfileHost.swift in Sources */,
				5E8864C527ED9C8200782070 /* Hike.swift in Sources */,
				5E58A70927ECD6FE00376E1E /* RotatedBadgeSymbol.swift in Sources */,
				5ECB02A527F4A8C50032CD92 /* PageView.swift in Sources */,
				5E58A70727ECD6A300376E1E /* BadgeSymbol.swift in Sources */,
				5ECB027727F311D50032CD92 /* ProfileEditor.swift in Sources */,
				5E7909D927EB2196000C6996 /* LandmarkList.swift in Sources */,
				5E8864CE27ED9CE000782070 /* HikeView.swift in Sources */,
				5E7909DB27EB23C4000C6996 /* LandmarkDetail.swift in Sources */,
				5ECB02A127F4A74E0032CD92 /* PageViewController.swift in Sources */,
				5E58A70527ECD5D300376E1E /* BadgeBackground.swift in Sources */,
				5ECB027527F310440032CD92 /* HikeBadge.swift in Sources */,
				5E7909C927EB1315000C6996 /* CircleImage.swift in Sources */,
				5E7909CF27EB1EE4000C6996 /* Landmark.swift in Sources */,
				5E7909D627EB2034000C6996 /* LandmarkRow.swift in Sources */,
				5E7909D127EB1F7E000C6996 /* ModelData.swift in Sources */,
			);
			runOnlyForDeploymentPostprocessing = 0;
		};
		5ECB02B427F4B12F0032CD92 /* Sources */ = {
			isa = PBXSourcesBuildPhase;
			buildActionMask = 2147483647;
			files = (
				5ECB02DB27F4B21D0032CD92 /* MapView.swift in Sources */,
				5ECB02DF27F4B2BE0032CD92 /* Landmark.swift in Sources */,
				5ECB02DE27F4B2BE0032CD92 /* Profile.swift in Sources */,
				5ECB02C227F4B12F0032CD92 /* NotificationController.swift in Sources */,
				5ECB02E127F4B2BE0032CD92 /* Hike.swift in Sources */,
				5ECB02C027F4B12F0032CD92 /* ContentView.swift in Sources */,
				5ECB02E627F4B3180032CD92 /* LandmarkDetail.swift in Sources */,
				5ECB02E027F4B2BE0032CD92 /* ModelData.swift in Sources */,
				5ECB02DC27F4B21D0032CD92 /* LandmarksApp.swift in Sources */,
				5ECB02DD27F4B21D0032CD92 /* LandmarkList.swift in Sources */,
				5ECB02DA27F4B21D0032CD92 /* LandmarkRow.swift in Sources */,
				5ECB02C627F4B12F0032CD92 /* ComplicationController.swift in Sources */,
				5ECB02C427F4B12F0032CD92 /* NotificationView.swift in Sources */,
				5ECB02D927F4B21D0032CD92 /* CircleImage.swift in Sources */,
			);
			runOnlyForDeploymentPostprocessing = 0;
		};
/* End PBXSourcesBuildPhase section */

/* Begin PBXTargetDependency section */
		5ECB02B027F4B12D0032CD92 /* PBXTargetDependency */ = {
			isa = PBXTargetDependency;
			target = 5ECB02AC27F4B12C0032CD92 /* WatchLandmarks WatchKit App */;
			targetProxy = 5ECB02AF27F4B12D0032CD92 /* PBXContainerItemProxy */;
		};
		5ECB02BB27F4B12F0032CD92 /* PBXTargetDependency */ = {
			isa = PBXTargetDependency;
			target = 5ECB02B727F4B12F0032CD92 /* WatchLandmarks WatchKit Extension */;
			targetProxy = 5ECB02BA27F4B12F0032CD92 /* PBXContainerItemProxy */;
		};
/* End PBXTargetDependency section */

/* Begin XCBuildConfiguration section */
		5E7909C327EB0B16000C6996 /* Debug */ = {
			isa = XCBuildConfiguration;
			buildSettings = {
				ALWAYS_SEARCH_USER_PATHS = NO;
				CLANG_ANALYZER_NONNULL = YES;
				CLANG_ANALYZER_NUMBER_OBJECT_CONVERSION = YES_AGGRESSIVE;
				CLANG_CXX_LANGUAGE_STANDARD = "gnu++17";
				CLANG_ENABLE_MODULES = YES;
				CLANG_ENABLE_OBJC_ARC = YES;
				CLANG_ENABLE_OBJC_WEAK = YES;
				CLANG_WARN_BLOCK_CAPTURE_AUTORELEASING = YES;
				CLANG_WARN_BOOL_CONVERSION = YES;
				CLANG_WARN_COMMA = YES;
				CLANG_WARN_CONSTANT_CONVERSION = YES;
				CLANG_WARN_DEPRECATED_OBJC_IMPLEMENTATIONS = YES;
				CLANG_WARN_DIRECT_OBJC_ISA_USAGE = YES_ERROR;
				CLANG_WARN_DOCUMENTATION_COMMENTS = YES;
				CLANG_WARN_EMPTY_BODY = YES;
				CLANG_WARN_ENUM_CONVERSION = YES;
				CLANG_WARN_INFINITE_RECURSION = YES;
				CLANG_WARN_INT_CONVERSION = YES;
				CLANG_WARN_NON_LITERAL_NULL_CONVERSION = YES;
				CLANG_WARN_OBJC_IMPLICIT_RETAIN_SELF = YES;
				CLANG_WARN_OBJC_LITERAL_CONVERSION = YES;
				CLANG_WARN_OBJC_ROOT_CLASS = YES_ERROR;
				CLANG_WARN_QUOTED_INCLUDE_IN_FRAMEWORK_HEADER = YES;
				CLANG_WARN_RANGE_LOOP_ANALYSIS = YES;
				CLANG_WARN_STRICT_PROTOTYPES = YES;
				CLANG_WARN_SUSPICIOUS_MOVE = YES;
				CLANG_WARN_UNGUARDED_AVAILABILITY = YES_AGGRESSIVE;
				CLANG_WARN_UNREACHABLE_CODE = YES;
				CLANG_WARN__DUPLICATE_METHOD_MATCH = YES;
				COPY_PHASE_STRIP = NO;
				DEBUG_INFORMATION_FORMAT = dwarf;
				ENABLE_STRICT_OBJC_MSGSEND = YES;
				ENABLE_TESTABILITY = YES;
				GCC_C_LANGUAGE_STANDARD = gnu11;
				GCC_DYNAMIC_NO_PIC = NO;
				GCC_NO_COMMON_BLOCKS = YES;
				GCC_OPTIMIZATION_LEVEL = 0;
				GCC_PREPROCESSOR_DEFINITIONS = (
					"DEBUG=1",
					"$(inherited)",
				);
				GCC_WARN_64_TO_32_BIT_CONVERSION = YES;
				GCC_WARN_ABOUT_RETURN_TYPE = YES_ERROR;
				GCC_WARN_UNDECLARED_SELECTOR = YES;
				GCC_WARN_UNINITIALIZED_AUTOS = YES_AGGRESSIVE;
				GCC_WARN_UNUSED_FUNCTION = YES;
				GCC_WARN_UNUSED_VARIABLE = YES;
				IPHONEOS_DEPLOYMENT_TARGET = 15.4;
				MTL_ENABLE_DEBUG_INFO = INCLUDE_SOURCE;
				MTL_FAST_MATH = YES;
				ONLY_ACTIVE_ARCH = YES;
				SDKROOT = iphoneos;
				SWIFT_ACTIVE_COMPILATION_CONDITIONS = DEBUG;
				SWIFT_OPTIMIZATION_LEVEL = "-Onone";
			};
			name = Debug;
		};
		5E7909C427EB0B16000C6996 /* Release */ = {
			isa = XCBuildConfiguration;
			buildSettings = {
				ALWAYS_SEARCH_USER_PATHS = NO;
				CLANG_ANALYZER_NONNULL = YES;
				CLANG_ANALYZER_NUMBER_OBJECT_CONVERSION = YES_AGGRESSIVE;
				CLANG_CXX_LANGUAGE_STANDARD = "gnu++17";
				CLANG_ENABLE_MODULES = YES;
				CLANG_ENABLE_OBJC_ARC = YES;
				CLANG_ENABLE_OBJC_WEAK = YES;
				CLANG_WARN_BLOCK_CAPTURE_AUTORELEASING = YES;
				CLANG_WARN_BOOL_CONVERSION = YES;
				CLANG_WARN_COMMA = YES;
				CLANG_WARN_CONSTANT_CONVERSION = YES;
				CLANG_WARN_DEPRECATED_OBJC_IMPLEMENTATIONS = YES;
				CLANG_WARN_DIRECT_OBJC_ISA_USAGE = YES_ERROR;
				CLANG_WARN_DOCUMENTATION_COMMENTS = YES;
				CLANG_WARN_EMPTY_BODY = YES;
				CLANG_WARN_ENUM_CONVERSION = YES;
				CLANG_WARN_INFINITE_RECURSION = YES;
				CLANG_WARN_INT_CONVERSION = YES;
				CLANG_WARN_NON_LITERAL_NULL_CONVERSION = YES;
				CLANG_WARN_OBJC_IMPLICIT_RETAIN_SELF = YES;
				CLANG_WARN_OBJC_LITERAL_CONVERSION = YES;
				CLANG_WARN_OBJC_ROOT_CLASS = YES_ERROR;
				CLANG_WARN_QUOTED_INCLUDE_IN_FRAMEWORK_HEADER = YES;
				CLANG_WARN_RANGE_LOOP_ANALYSIS = YES;
				CLANG_WARN_STRICT_PROTOTYPES = YES;
				CLANG_WARN_SUSPICIOUS_MOVE = YES;
				CLANG_WARN_UNGUARDED_AVAILABILITY = YES_AGGRESSIVE;
				CLANG_WARN_UNREACHABLE_CODE = YES;
				CLANG_WARN__DUPLICATE_METHOD_MATCH = YES;
				COPY_PHASE_STRIP = NO;
				DEBUG_INFORMATION_FORMAT = "dwarf-with-dsym";
				ENABLE_NS_ASSERTIONS = NO;
				ENABLE_STRICT_OBJC_MSGSEND = YES;
				GCC_C_LANGUAGE_STANDARD = gnu11;
				GCC_NO_COMMON_BLOCKS = YES;
				GCC_WARN_64_TO_32_BIT_CONVERSION = YES;
				GCC_WARN_ABOUT_RETURN_TYPE = YES_ERROR;
				GCC_WARN_UNDECLARED_SELECTOR = YES;
				GCC_WARN_UNINITIALIZED_AUTOS = YES_AGGRESSIVE;
				GCC_WARN_UNUSED_FUNCTION = YES;
				GCC_WARN_UNUSED_VARIABLE = YES;
				IPHONEOS_DEPLOYMENT_TARGET = 15.4;
				MTL_ENABLE_DEBUG_INFO = NO;
				MTL_FAST_MATH = YES;
				SDKROOT = iphoneos;
				SWIFT_COMPILATION_MODE = wholemodule;
				SWIFT_OPTIMIZATION_LEVEL = "-O";
				VALIDATE_PRODUCT = YES;
			};
			name = Release;
		};
		5E7909C627EB0B16000C6996 /* Debug */ = {
			isa = XCBuildConfiguration;
			buildSettings = {
				ASSETCATALOG_COMPILER_APPICON_NAME = AppIcon;
				ASSETCATALOG_COMPILER_GLOBAL_ACCENT_COLOR_NAME = AccentColor;
				CODE_SIGN_STYLE = Automatic;
				CURRENT_PROJECT_VERSION = 1;
				DEVELOPMENT_ASSET_PATHS = "\"Landmarks/Preview Content\"";
				ENABLE_PREVIEWS = YES;
				GENERATE_INFOPLIST_FILE = YES;
				INFOPLIST_KEY_UIApplicationSceneManifest_Generation = YES;
				INFOPLIST_KEY_UIApplicationSupportsIndirectInputEvents = YES;
				INFOPLIST_KEY_UILaunchScreen_Generation = YES;
				INFOPLIST_KEY_UISupportedInterfaceOrientations_iPad = "UIInterfaceOrientationPortrait UIInterfaceOrientationPortraitUpsideDown UIInterfaceOrientationLandscapeLeft UIInterfaceOrientationLandscapeRight";
				INFOPLIST_KEY_UISupportedInterfaceOrientations_iPhone = "UIInterfaceOrientationPortrait UIInterfaceOrientationLandscapeLeft UIInterfaceOrientationLandscapeRight";
				LD_RUNPATH_SEARCH_PATHS = (
					"$(inherited)",
					"@executable_path/Frameworks",
				);
				MARKETING_VERSION = 1.0;
				PRODUCT_BUNDLE_IDENTIFIER = larisamihut.learning.Landmarks;
				PRODUCT_NAME = "$(TARGET_NAME)";
				SWIFT_EMIT_LOC_STRINGS = YES;
				SWIFT_VERSION = 5.0;
				TARGETED_DEVICE_FAMILY = "1,2";
			};
			name = Debug;
		};
		5E7909C727EB0B16000C6996 /* Release */ = {
			isa = XCBuildConfiguration;
			buildSettings = {
				ASSETCATALOG_COMPILER_APPICON_NAME = AppIcon;
				ASSETCATALOG_COMPILER_GLOBAL_ACCENT_COLOR_NAME = AccentColor;
				CODE_SIGN_STYLE = Automatic;
				CURRENT_PROJECT_VERSION = 1;
				DEVELOPMENT_ASSET_PATHS = "\"Landmarks/Preview Content\"";
				ENABLE_PREVIEWS = YES;
				GENERATE_INFOPLIST_FILE = YES;
				INFOPLIST_KEY_UIApplicationSceneManifest_Generation = YES;
				INFOPLIST_KEY_UIApplicationSupportsIndirectInputEvents = YES;
				INFOPLIST_KEY_UILaunchScreen_Generation = YES;
				INFOPLIST_KEY_UISupportedInterfaceOrientations_iPad = "UIInterfaceOrientationPortrait UIInterfaceOrientationPortraitUpsideDown UIInterfaceOrientationLandscapeLeft UIInterfaceOrientationLandscapeRight";
				INFOPLIST_KEY_UISupportedInterfaceOrientations_iPhone = "UIInterfaceOrientationPortrait UIInterfaceOrientationLandscapeLeft UIInterfaceOrientationLandscapeRight";
				LD_RUNPATH_SEARCH_PATHS = (
					"$(inherited)",
					"@executable_path/Frameworks",
				);
				MARKETING_VERSION = 1.0;
				PRODUCT_BUNDLE_IDENTIFIER = larisamihut.learning.Landmarks;
				PRODUCT_NAME = "$(TARGET_NAME)";
				SWIFT_EMIT_LOC_STRINGS = YES;
				SWIFT_VERSION = 5.0;
				TARGETED_DEVICE_FAMILY = "1,2";
			};
			name = Release;
		};
		5ECB02CF27F4B1310032CD92 /* Debug */ = {
			isa = XCBuildConfiguration;
			buildSettings = {
				ASSETCATALOG_COMPILER_COMPLICATION_NAME = Complication;
				CODE_SIGN_STYLE = Automatic;
				CURRENT_PROJECT_VERSION = 1;
				DEVELOPMENT_ASSET_PATHS = "\"WatchLandmarks WatchKit Extension/Preview Content\"";
				ENABLE_PREVIEWS = YES;
				GENERATE_INFOPLIST_FILE = YES;
				INFOPLIST_FILE = "WatchLandmarks WatchKit Extension/Info.plist";
				INFOPLIST_KEY_CFBundleDisplayName = "WatchLandmarks WatchKit Extension";
				INFOPLIST_KEY_CLKComplicationPrincipalClass = "$(PRODUCT_MODULE_NAME).ComplicationController";
				INFOPLIST_KEY_NSHumanReadableCopyright = "";
				INFOPLIST_KEY_WKWatchOnly = YES;
				LD_RUNPATH_SEARCH_PATHS = (
					"$(inherited)",
					"@executable_path/Frameworks",
					"@executable_path/../../Frameworks",
				);
				MARKETING_VERSION = 1.0;
				PRODUCT_BUNDLE_IDENTIFIER = larisamihut.learning.WatchLandmarks.watchkitapp.watchkitextension;
				PRODUCT_NAME = "${TARGET_NAME}";
				SDKROOT = watchos;
				SKIP_INSTALL = YES;
				SWIFT_EMIT_LOC_STRINGS = YES;
				SWIFT_VERSION = 5.0;
				TARGETED_DEVICE_FAMILY = 4;
				WATCHOS_DEPLOYMENT_TARGET = 8.5;
			};
			name = Debug;
		};
		5ECB02D027F4B1310032CD92 /* Release */ = {
			isa = XCBuildConfiguration;
			buildSettings = {
				ASSETCATALOG_COMPILER_COMPLICATION_NAME = Complication;
				CODE_SIGN_STYLE = Automatic;
				CURRENT_PROJECT_VERSION = 1;
				DEVELOPMENT_ASSET_PATHS = "\"WatchLandmarks WatchKit Extension/Preview Content\"";
				ENABLE_PREVIEWS = YES;
				GENERATE_INFOPLIST_FILE = YES;
				INFOPLIST_FILE = "WatchLandmarks WatchKit Extension/Info.plist";
				INFOPLIST_KEY_CFBundleDisplayName = "WatchLandmarks WatchKit Extension";
				INFOPLIST_KEY_CLKComplicationPrincipalClass = "$(PRODUCT_MODULE_NAME).ComplicationController";
				INFOPLIST_KEY_NSHumanReadableCopyright = "";
				INFOPLIST_KEY_WKWatchOnly = YES;
				LD_RUNPATH_SEARCH_PATHS = (
					"$(inherited)",
					"@executable_path/Frameworks",
					"@executable_path/../../Frameworks",
				);
				MARKETING_VERSION = 1.0;
				PRODUCT_BUNDLE_IDENTIFIER = larisamihut.learning.WatchLandmarks.watchkitapp.watchkitextension;
				PRODUCT_NAME = "${TARGET_NAME}";
				SDKROOT = watchos;
				SKIP_INSTALL = YES;
				SWIFT_EMIT_LOC_STRINGS = YES;
				SWIFT_VERSION = 5.0;
				TARGETED_DEVICE_FAMILY = 4;
				WATCHOS_DEPLOYMENT_TARGET = 8.5;
			};
			name = Release;
		};
		5ECB02D327F4B1310032CD92 /* Debug */ = {
			isa = XCBuildConfiguration;
			buildSettings = {
				ALWAYS_EMBED_SWIFT_STANDARD_LIBRARIES = YES;
				ASSETCATALOG_COMPILER_APPICON_NAME = AppIcon;
				ASSETCATALOG_COMPILER_GLOBAL_ACCENT_COLOR_NAME = AccentColor;
				CODE_SIGN_STYLE = Automatic;
				CURRENT_PROJECT_VERSION = 1;
				GENERATE_INFOPLIST_FILE = YES;
				IBSC_MODULE = WatchLandmarks_WatchKit_Extension;
				INFOPLIST_KEY_CFBundleDisplayName = "WatchLandmarks WatchKit App";
				INFOPLIST_KEY_UISupportedInterfaceOrientations = "UIInterfaceOrientationPortrait UIInterfaceOrientationPortraitUpsideDown";
				MARKETING_VERSION = 1.0;
				PRODUCT_BUNDLE_IDENTIFIER = larisamihut.learning.WatchLandmarks.watchkitapp;
				PRODUCT_NAME = "$(TARGET_NAME)";
				SDKROOT = watchos;
				SKIP_INSTALL = YES;
				SWIFT_EMIT_LOC_STRINGS = YES;
				SWIFT_VERSION = 5.0;
				TARGETED_DEVICE_FAMILY = 4;
				WATCHOS_DEPLOYMENT_TARGET = 8.5;
			};
			name = Debug;
		};
		5ECB02D427F4B1310032CD92 /* Release */ = {
			isa = XCBuildConfiguration;
			buildSettings = {
				ALWAYS_EMBED_SWIFT_STANDARD_LIBRARIES = YES;
				ASSETCATALOG_COMPILER_APPICON_NAME = AppIcon;
				ASSETCATALOG_COMPILER_GLOBAL_ACCENT_COLOR_NAME = AccentColor;
				CODE_SIGN_STYLE = Automatic;
				CURRENT_PROJECT_VERSION = 1;
				GENERATE_INFOPLIST_FILE = YES;
				IBSC_MODULE = WatchLandmarks_WatchKit_Extension;
				INFOPLIST_KEY_CFBundleDisplayName = "WatchLandmarks WatchKit App";
				INFOPLIST_KEY_UISupportedInterfaceOrientations = "UIInterfaceOrientationPortrait UIInterfaceOrientationPortraitUpsideDown";
				MARKETING_VERSION = 1.0;
				PRODUCT_BUNDLE_IDENTIFIER = larisamihut.learning.WatchLandmarks.watchkitapp;
				PRODUCT_NAME = "$(TARGET_NAME)";
				SDKROOT = watchos;
				SKIP_INSTALL = YES;
				SWIFT_EMIT_LOC_STRINGS = YES;
				SWIFT_VERSION = 5.0;
				TARGETED_DEVICE_FAMILY = 4;
				WATCHOS_DEPLOYMENT_TARGET = 8.5;
			};
			name = Release;
		};
		5ECB02D727F4B1310032CD92 /* Debug */ = {
			isa = XCBuildConfiguration;
			buildSettings = {
				CODE_SIGN_STYLE = Automatic;
				CURRENT_PROJECT_VERSION = 1;
				MARKETING_VERSION = 1.0;
				PRODUCT_BUNDLE_IDENTIFIER = larisamihut.learning.WatchLandmarks;
				PRODUCT_NAME = "$(TARGET_NAME)";
				SWIFT_VERSION = 5.0;
			};
			name = Debug;
		};
		5ECB02D827F4B1310032CD92 /* Release */ = {
			isa = XCBuildConfiguration;
			buildSettings = {
				CODE_SIGN_STYLE = Automatic;
				CURRENT_PROJECT_VERSION = 1;
				MARKETING_VERSION = 1.0;
				PRODUCT_BUNDLE_IDENTIFIER = larisamihut.learning.WatchLandmarks;
				PRODUCT_NAME = "$(TARGET_NAME)";
				SWIFT_VERSION = 5.0;
			};
			name = Release;
		};
/* End XCBuildConfiguration section */

/* Begin XCConfigurationList section */
		5E7909B227EB0B14000C6996 /* Build configuration list for PBXProject "Landmarks" */ = {
			isa = XCConfigurationList;
			buildConfigurations = (
				5E7909C327EB0B16000C6996 /* Debug */,
				5E7909C427EB0B16000C6996 /* Release */,
			);
			defaultConfigurationIsVisible = 0;
			defaultConfigurationName = Release;
		};
		5E7909C527EB0B16000C6996 /* Build configuration list for PBXNativeTarget "Landmarks" */ = {
			isa = XCConfigurationList;
			buildConfigurations = (
				5E7909C627EB0B16000C6996 /* Debug */,
				5E7909C727EB0B16000C6996 /* Release */,
			);
			defaultConfigurationIsVisible = 0;
			defaultConfigurationName = Release;
		};
		5ECB02CE27F4B1310032CD92 /* Build configuration list for PBXNativeTarget "WatchLandmarks WatchKit Extension" */ = {
			isa = XCConfigurationList;
			buildConfigurations = (
				5ECB02CF27F4B1310032CD92 /* Debug */,
				5ECB02D027F4B1310032CD92 /* Release */,
			);
			defaultConfigurationIsVisible = 0;
			defaultConfigurationName = Release;
		};
		5ECB02D227F4B1310032CD92 /* Build configuration list for PBXNativeTarget "WatchLandmarks WatchKit App" */ = {
			isa = XCConfigurationList;
			buildConfigurations = (
				5ECB02D327F4B1310032CD92 /* Debug */,
				5ECB02D427F4B1310032CD92 /* Release */,
			);
			defaultConfigurationIsVisible = 0;
			defaultConfigurationName = Release;
		};
		5ECB02D627F4B1310032CD92 /* Build configuration list for PBXNativeTarget "WatchLandmarks" */ = {
			isa = XCConfigurationList;
			buildConfigurations = (
				5ECB02D727F4B1310032CD92 /* Debug */,
				5ECB02D827F4B1310032CD92 /* Release */,
			);
			defaultConfigurationIsVisible = 0;
			defaultConfigurationName = Release;
		};
/* End XCConfigurationList section */
	};
	rootObject = 5E7909AF27EB0B14000C6996 /* Project object */;
}
